
Microsoft Visual Studio Solution File, Format Version 12.00
# Visual Studio Version 17
VisualStudioVersion = 17.14.36408.4 d17.14
MinimumVisualStudioVersion = 10.0.40219.1
Project("{FAE04EC0-301F-11D3-BF4B-00C04F79EFBC}") = "Million.Properties.API", "Million.API\Million.Properties.API.csproj", "{E9DF4DEA-3904-4ED4-8782-4658C0B2FA38}"
	ProjectSection(ProjectDependencies) = postProject
		{CF2D6A4A-ACFA-4777-802E-3D69B5B256DE} = {CF2D6A4A-ACFA-4777-802E-3D69B5B256DE}
	EndProjectSection
EndProject
Project("{2150E333-8FDC-42A3-9474-1A3956D46DE8}") = "Commons", "Commons", "{02EA681E-C7D8-13C7-8484-4AC65E1B71E8}"
EndProject
Project("{2150E333-8FDC-42A3-9474-1A3956D46DE8}") = "Services", "Services", "{8FFBE82B-A3E5-4072-BAAF-6D34B9E6F297}"
EndProject
Project("{2150E333-8FDC-42A3-9474-1A3956D46DE8}") = "Properties", "Properties", "{A7B3FF8F-C5C8-4F11-A24F-F00866463423}"
EndProject
Project("{2150E333-8FDC-42A3-9474-1A3956D46DE8}") = "1 - Presentation", "1 - Presentation", "{530B1899-F6F4-41F0-B228-471CBC70F375}"
EndProject
Project("{2150E333-8FDC-42A3-9474-1A3956D46DE8}") = "2 - Application", "2 - Application", "{A23C06EF-D749-4D6A-B9FC-59C99B322D8B}"
EndProject
Project("{2150E333-8FDC-42A3-9474-1A3956D46DE8}") = "3 - Domain", "3 - Domain", "{3E32BCAC-AE05-4DAA-8DF3-6EEEE8EADC6D}"
EndProject
Project("{2150E333-8FDC-42A3-9474-1A3956D46DE8}") = "4 - Infrastructure", "4 - Infrastructure", "{F0143350-52E0-441D-AC1E-11D097B69196}"
EndProject
Project("{2150E333-8FDC-42A3-9474-1A3956D46DE8}") = "5 - Test", "5 - Test", "{8D83F6C2-774F-4C52-874E-158F5E3D5490}"
EndProject
Project("{FAE04EC0-301F-11D3-BF4B-00C04F79EFBC}") = "Million.Properties.Application", "Million.Properties.Application\Million.Properties.Application.csproj", "{CF2D6A4A-ACFA-4777-802E-3D69B5B256DE}"
	ProjectSection(ProjectDependencies) = postProject
		{FD34B13B-D846-46F9-925D-C3180A658FD1} = {FD34B13B-D846-46F9-925D-C3180A658FD1}
	EndProjectSection
EndProject
Project("{FAE04EC0-301F-11D3-BF4B-00C04F79EFBC}") = "Million.Properties.Domain", "Million.Properties.Domain\Million.Properties.Domain.csproj", "{FD34B13B-D846-46F9-925D-C3180A658FD1}"
EndProject
Project("{FAE04EC0-301F-11D3-BF4B-00C04F79EFBC}") = "Million.Properties.Infrastructure", "Million.Properties.Infrastructure\Million.Properties.Infrastructure.csproj", "{94B8BDB6-FBD9-4D09-BE13-3B60F2957BC6}"
	ProjectSection(ProjectDependencies) = postProject
		{CF2D6A4A-ACFA-4777-802E-3D69B5B256DE} = {CF2D6A4A-ACFA-4777-802E-3D69B5B256DE}
		{FD34B13B-D846-46F9-925D-C3180A658FD1} = {FD34B13B-D846-46F9-925D-C3180A658FD1}
	EndProjectSection
EndProject
Project("{FAE04EC0-301F-11D3-BF4B-00C04F79EFBC}") = "Million.Properties.Data.Test", "Million.Properties.Data.Test\Million.Properties.Data.Test.csproj", "{00C9BB44-D05C-4969-B92D-3A46CD31BBE5}"
EndProject
Project("{FAE04EC0-301F-11D3-BF4B-00C04F79EFBC}") = "Million.Properties.Application.UnitTest", "Million.Properties.Application.UnitTest\Million.Properties.Application.UnitTest.csproj", "{B72C9202-C75F-45F5-B5CB-7BDA173BD541}"
EndProject
Project("{FAE04EC0-301F-11D3-BF4B-00C04F79EFBC}") = "Million.Properties.IntegrationTest", "Million.Properties.IntegrationTest\Million.Properties.IntegrationTest.csproj", "{1DE623FB-9E14-41B1-A9C6-10B8C20CE18B}"
EndProject
Project("{FAE04EC0-301F-11D3-BF4B-00C04F79EFBC}") = "Million.Commons", "Million.Commons\Million.Commons.csproj", "{F1269CDD-23C7-4C18-A449-B50E9AC14A61}"
EndProject
Global
	GlobalSection(SolutionConfigurationPlatforms) = preSolution
		Debug|Any CPU = Debug|Any CPU
		Release|Any CPU = Release|Any CPU
	EndGlobalSection
	GlobalSection(ProjectConfigurationPlatforms) = postSolution
		{E9DF4DEA-3904-4ED4-8782-4658C0B2FA38}.Debug|Any CPU.ActiveCfg = Debug|Any CPU
		{E9DF4DEA-3904-4ED4-8782-4658C0B2FA38}.Debug|Any CPU.Build.0 = Debug|Any CPU
		{E9DF4DEA-3904-4ED4-8782-4658C0B2FA38}.Release|Any CPU.ActiveCfg = Release|Any CPU
		{E9DF4DEA-3904-4ED4-8782-4658C0B2FA38}.Release|Any CPU.Build.0 = Release|Any CPU
		{CF2D6A4A-ACFA-4777-802E-3D69B5B256DE}.Debug|Any CPU.ActiveCfg = Debug|Any CPU
		{CF2D6A4A-ACFA-4777-802E-3D69B5B256DE}.Debug|Any CPU.Build.0 = Debug|Any CPU
		{CF2D6A4A-ACFA-4777-802E-3D69B5B256DE}.Release|Any CPU.ActiveCfg = Release|Any CPU
		{CF2D6A4A-ACFA-4777-802E-3D69B5B256DE}.Release|Any CPU.Build.0 = Release|Any CPU
		{FD34B13B-D846-46F9-925D-C3180A658FD1}.Debug|Any CPU.ActiveCfg = Debug|Any CPU
		{FD34B13B-D846-46F9-925D-C3180A658FD1}.Debug|Any CPU.Build.0 = Debug|Any CPU
		{FD34B13B-D846-46F9-925D-C3180A658FD1}.Release|Any CPU.ActiveCfg = Release|Any CPU
		{FD34B13B-D846-46F9-925D-C3180A658FD1}.Release|Any CPU.Build.0 = Release|Any CPU
		{94B8BDB6-FBD9-4D09-BE13-3B60F2957BC6}.Debug|Any CPU.ActiveCfg = Debug|Any CPU
		{94B8BDB6-FBD9-4D09-BE13-3B60F2957BC6}.Debug|Any CPU.Build.0 = Debug|Any CPU
		{94B8BDB6-FBD9-4D09-BE13-3B60F2957BC6}.Release|Any CPU.ActiveCfg = Release|Any CPU
		{94B8BDB6-FBD9-4D09-BE13-3B60F2957BC6}.Release|Any CPU.Build.0 = Release|Any CPU
		{00C9BB44-D05C-4969-B92D-3A46CD31BBE5}.Debug|Any CPU.ActiveCfg = Debug|Any CPU
		{00C9BB44-D05C-4969-B92D-3A46CD31BBE5}.Debug|Any CPU.Build.0 = Debug|Any CPU
		{00C9BB44-D05C-4969-B92D-3A46CD31BBE5}.Release|Any CPU.ActiveCfg = Release|Any CPU
		{00C9BB44-D05C-4969-B92D-3A46CD31BBE5}.Release|Any CPU.Build.0 = Release|Any CPU
		{B72C9202-C75F-45F5-B5CB-7BDA173BD541}.Debug|Any CPU.ActiveCfg = Debug|Any CPU
		{B72C9202-C75F-45F5-B5CB-7BDA173BD541}.Debug|Any CPU.Build.0 = Debug|Any CPU
		{B72C9202-C75F-45F5-B5CB-7BDA173BD541}.Release|Any CPU.ActiveCfg = Release|Any CPU
		{B72C9202-C75F-45F5-B5CB-7BDA173BD541}.Release|Any CPU.Build.0 = Release|Any CPU
		{1DE623FB-9E14-41B1-A9C6-10B8C20CE18B}.Debug|Any CPU.ActiveCfg = Debug|Any CPU
		{1DE623FB-9E14-41B1-A9C6-10B8C20CE18B}.Debug|Any CPU.Build.0 = Debug|Any CPU
		{1DE623FB-9E14-41B1-A9C6-10B8C20CE18B}.Release|Any CPU.ActiveCfg = Release|Any CPU
		{1DE623FB-9E14-41B1-A9C6-10B8C20CE18B}.Release|Any CPU.Build.0 = Release|Any CPU
		{F1269CDD-23C7-4C18-A449-B50E9AC14A61}.Debug|Any CPU.ActiveCfg = Debug|Any CPU
		{F1269CDD-23C7-4C18-A449-B50E9AC14A61}.Debug|Any CPU.Build.0 = Debug|Any CPU
		{F1269CDD-23C7-4C18-A449-B50E9AC14A61}.Release|Any CPU.ActiveCfg = Release|Any CPU
		{F1269CDD-23C7-4C18-A449-B50E9AC14A61}.Release|Any CPU.Build.0 = Release|Any CPU
	EndGlobalSection
	GlobalSection(SolutionProperties) = preSolution
		HideSolutionNode = FALSE
	EndGlobalSection
	GlobalSection(NestedProjects) = preSolution
		{E9DF4DEA-3904-4ED4-8782-4658C0B2FA38} = {530B1899-F6F4-41F0-B228-471CBC70F375}
		{A7B3FF8F-C5C8-4F11-A24F-F00866463423} = {8FFBE82B-A3E5-4072-BAAF-6D34B9E6F297}
		{530B1899-F6F4-41F0-B228-471CBC70F375} = {A7B3FF8F-C5C8-4F11-A24F-F00866463423}
		{A23C06EF-D749-4D6A-B9FC-59C99B322D8B} = {A7B3FF8F-C5C8-4F11-A24F-F00866463423}
		{3E32BCAC-AE05-4DAA-8DF3-6EEEE8EADC6D} = {A7B3FF8F-C5C8-4F11-A24F-F00866463423}
		{F0143350-52E0-441D-AC1E-11D097B69196} = {A7B3FF8F-C5C8-4F11-A24F-F00866463423}
		{8D83F6C2-774F-4C52-874E-158F5E3D5490} = {A7B3FF8F-C5C8-4F11-A24F-F00866463423}
		{CF2D6A4A-ACFA-4777-802E-3D69B5B256DE} = {A23C06EF-D749-4D6A-B9FC-59C99B322D8B}
		{FD34B13B-D846-46F9-925D-C3180A658FD1} = {3E32BCAC-AE05-4DAA-8DF3-6EEEE8EADC6D}
		{94B8BDB6-FBD9-4D09-BE13-3B60F2957BC6} = {F0143350-52E0-441D-AC1E-11D097B69196}
		{00C9BB44-D05C-4969-B92D-3A46CD31BBE5} = {8D83F6C2-774F-4C52-874E-158F5E3D5490}
		{B72C9202-C75F-45F5-B5CB-7BDA173BD541} = {8D83F6C2-774F-4C52-874E-158F5E3D5490}
		{1DE623FB-9E14-41B1-A9C6-10B8C20CE18B} = {8D83F6C2-774F-4C52-874E-158F5E3D5490}
		{F1269CDD-23C7-4C18-A449-B50E9AC14A61} = {02EA681E-C7D8-13C7-8484-4AC65E1B71E8}
	EndGlobalSection
	GlobalSection(ExtensibilityGlobals) = postSolution
		SolutionGuid = {46E8F6CA-550A-4DAA-9CCD-B50A353AE595}
	EndGlobalSection
EndGlobal
